Microsoft Visual Studio Solution File, Format Version 12.00
# Visual Studio Version 17
VisualStudioVersion = 17.5.2.0
MinimumVisualStudioVersion = 10.0.40219.1
Project("{FAE04EC0-301F-11D3-BF4B-00C04F79EFBC}") = "anrc-quiz", "anrc-quiz\anrc-quiz.csproj", "{0975529C-6F22-C148-CF8A-4620F13B754D}"
EndProject
Global
	GlobalSection(SolutionConfigurationPlatforms) = preSolution
		Debug|Any CPU = Debug|Any CPU
		Release|Any CPU = Release|Any CPU
	EndGlobalSection
	GlobalSection(ProjectConfigurationPlatforms) = postSolution
		{0975529C-6F22-C148-CF8A-4620F13B754D}.Debug|Any CPU.ActiveCfg = Debug|Any CPU
		{0975529C-6F22-C148-CF8A-4620F13B754D}.Debug|Any CPU.Build.0 = Debug|Any CPU
		{0975529C-6F22-C148-CF8A-4620F13B754D}.Release|Any CPU.ActiveCfg = Release|Any CPU
		{0975529C-6F22-C148-CF8A-4620F13B754D}.Release|Any CPU.Build.0 = Release|Any CPU
	EndGlobalSection
	GlobalSection(SolutionProperties) = preSolution
		HideSolutionNode = FALSE
	EndGlobalSection
	GlobalSection(ExtensibilityGlobals) = postSolution
		SolutionGuid = {F36762CD-7BB9-4FBB-86B2-3397B04E70D2}
	EndGlobalSection
EndGlobal
